<?xml version="1.0" encoding="utf-8"?>
<Project ToolsVersion="4.0" xmlns="http://schemas.microsoft.com/developer/msbuild/2003">
  <ItemGroup>
    <Filter Include="Source Files">
      <UniqueIdentifier>{4FC737F1-C7A5-4376-A066-2A32D752A2FF}</UniqueIdentifier>
      <Extensions>cpp;c;cc;cxx;c++;cppm;ixx;def;odl;idl;hpj;bat;asm;asmx</Extensions>
    </Filter>
    <Filter Include="Header Files">
      <UniqueIdentifier>{93995380-89BD-4b04-88EB-625FBE52EBFB}</UniqueIdentifier>
      <Extensions>h;hh;hpp;hxx;h++;hm;inl;inc;ipp;xsd</Extensions>
    </Filter>
    <Filter Include="Resource Files">
      <UniqueIdentifier>{67DA6AB6-F800-4c08-8B7A-83BB121AAD01}</UniqueIdentifier>
      <Extensions>rc;ico;cur;bmp;dlg;rc2;rct;bin;rgs;gif;jpg;jpeg;jpe;resx;tiff;tif;png;wav;mfcribbon-ms</Extensions>
    </Filter>
    <Filter Include="Shaders">
      <UniqueIdentifier>{da33e577-6214-473f-bd17-eed0af3e439f}</UniqueIdentifier>
    </Filter>
    <Filter Include="Header Files\vulkan">
      <UniqueIdentifier>{bcc64417-1d0d-4093-acfe-a77377bb25eb}</UniqueIdentifier>
    </Filter>
    <Filter Include="Header Files\system">
      <UniqueIdentifier>{755907bf-c236-4784-99c9-ad6bdface157}</UniqueIdentifier>
    </Filter>
    <Filter Include="Header Files\math">
      <UniqueIdentifier>{07a907dd-9612-41f4-8ee8-b655c0ebbba3}</UniqueIdentifier>
    </Filter>
    <Filter Include="Header Files\font">
      <UniqueIdentifier>{052fa67a-ae43-4223-8ebd-cd545e07444a}</UniqueIdentifier>
    </Filter>
    <Filter Include="Header Files\model">
      <UniqueIdentifier>{9cc29cbc-fe13-45ca-b216-69be8a4987f2}</UniqueIdentifier>
    </Filter>
    <Filter Include="Header Files\image">
      <UniqueIdentifier>{f3965da7-eacc-40a7-adb9-895adeb1fa69}</UniqueIdentifier>
    </Filter>
    <Filter Include="Source Files\math">
      <UniqueIdentifier>{fc6862ee-6f13-40e7-a511-6cc001ac7ec4}</UniqueIdentifier>
    </Filter>
    <Filter Include="Source Files\font">
      <UniqueIdentifier>{eccf5011-2987-45ec-bdc9-cf78f26e5ee8}</UniqueIdentifier>
    </Filter>
    <Filter Include="Source Files\model">
      <UniqueIdentifier>{b914293e-84d0-4207-9fcc-5ecc8da94c2a}</UniqueIdentifier>
    </Filter>
    <Filter Include="Source Files\image">
      <UniqueIdentifier>{93381c07-7d53-448e-81a6-2e96f1bb9b25}</UniqueIdentifier>
    </Filter>
    <Filter Include="Source Files\system">
      <UniqueIdentifier>{88c22324-f6bf-421a-b00c-3fb655cf3cbc}</UniqueIdentifier>
    </Filter>
    <Filter Include="Source Files\vulkan">
      <UniqueIdentifier>{e9489a5f-472f-49ab-9d20-08a3bd05daa2}</UniqueIdentifier>
    </Filter>
  </ItemGroup>
  <ItemGroup>
    <ClCompile Include="engine.c">
      <Filter>Source Files</Filter>
    </ClCompile>
    <ClCompile Include="math\math.c">
      <Filter>Source Files\math</Filter>
    </ClCompile>
    <ClCompile Include="font\font.c">
      <Filter>Source Files\font</Filter>
    </ClCompile>
    <ClCompile Include="model\3ds.c">
      <Filter>Source Files\model</Filter>
    </ClCompile>
    <ClCompile Include="image\image.c">
      <Filter>Source Files\image</Filter>
    </ClCompile>
    <ClCompile Include="image\qoi.c">
      <Filter>Source Files\image</Filter>
    </ClCompile>
    <ClCompile Include="image\tga.c">
      <Filter>Source Files\image</Filter>
    </ClCompile>
    <ClCompile Include="vulkan\vulkan.c">
      <Filter>Source Files\vulkan</Filter>
    </ClCompile>
  </ItemGroup>
  <ItemGroup>
    <ClInclude Include="math\math.h">
      <Filter>Header Files\math</Filter>
    </ClInclude>
    <ClInclude Include="font\font.h">
      <Filter>Header Files\font</Filter>
    </ClInclude>
    <ClInclude Include="model\3ds.h">
      <Filter>Header Files\model</Filter>
    </ClInclude>
    <ClInclude Include="image\image.h">
      <Filter>Header Files\image</Filter>
    </ClInclude>
    <ClInclude Include="system\system.h">
      <Filter>Header Files\system</Filter>
    </ClInclude>
    <ClInclude Include="vulkan\vulkan.h">
      <Filter>Header Files\vulkan</Filter>
    </ClInclude>
  </ItemGroup>
  <ItemGroup>
    <GLSL Include="shaders\distance.frag">
      <Filter>Shaders</Filter>
    </GLSL>
    <GLSL Include="shaders\font.frag">
      <Filter>Shaders</Filter>
    </GLSL>
    <GLSL Include="shaders\lighting.frag">
      <Filter>Shaders</Filter>
    </GLSL>
    <GLSL Include="shaders\distance.vert">
      <Filter>Shaders</Filter>
    </GLSL>
    <GLSL Include="shaders\font.vert">
      <Filter>Shaders</Filter>
    </GLSL>
    <GLSL Include="shaders\lighting.vert">
      <Filter>Shaders</Filter>
    </GLSL>
  </ItemGroup>
</Project>