<?xml version="1.0" encoding="utf-8"?>
<Project ToolsVersion="4.0" xmlns="http://schemas.microsoft.com/developer/msbuild/2003">
  <ItemGroup>
    <Filter Include="Source Files">
      <UniqueIdentifier>{4FC737F1-C7A5-4376-A066-2A32D752A2FF}</UniqueIdentifier>
      <Extensions>cpp;c;cc;cxx;c++;cppm;ixx;def;odl;idl;hpj;bat;asm;asmx</Extensions>
    </Filter>
    <Filter Include="Header Files">
      <UniqueIdentifier>{93995380-89BD-4b04-88EB-625FBE52EBFB}</UniqueIdentifier>
      <Extensions>h;hh;hpp;hxx;h++;hm;inl;inc;ipp;xsd</Extensions>
    </Filter>
    <Filter Include="Resource Files">
      <UniqueIdentifier>{67DA6AB6-F800-4c08-8B7A-83BB121AAD01}</UniqueIdentifier>
      <Extensions>rc;ico;cur;bmp;dlg;rc2;rct;bin;rgs;gif;jpg;jpeg;jpe;resx;tiff;tif;png;wav;mfcribbon-ms</Extensions>
    </Filter>
    <Filter Include="Shaders">
      <UniqueIdentifier>{da33e577-6214-473f-bd17-eed0af3e439f}</UniqueIdentifier>
    </Filter>
    <Filter Include="Header Files\vulkan">
      <UniqueIdentifier>{bcc64417-1d0d-4093-acfe-a77377bb25eb}</UniqueIdentifier>
    </Filter>
    <Filter Include="Header Files\system">
      <UniqueIdentifier>{755907bf-c236-4784-99c9-ad6bdface157}</UniqueIdentifier>
    </Filter>
    <Filter Include="Header Files\math">
      <UniqueIdentifier>{07a907dd-9612-41f4-8ee8-b655c0ebbba3}</UniqueIdentifier>
    </Filter>
    <Filter Include="Header Files\font">
      <UniqueIdentifier>{052fa67a-ae43-4223-8ebd-cd545e07444a}</UniqueIdentifier>
    </Filter>
    <Filter Include="Header Files\model">
      <UniqueIdentifier>{9cc29cbc-fe13-45ca-b216-69be8a4987f2}</UniqueIdentifier>
    </Filter>
    <Filter Include="Header Files\image">
      <UniqueIdentifier>{f3965da7-eacc-40a7-adb9-895adeb1fa69}</UniqueIdentifier>
    </Filter>
    <Filter Include="Source Files\math">
      <UniqueIdentifier>{fc6862ee-6f13-40e7-a511-6cc001ac7ec4}</UniqueIdentifier>
    </Filter>
    <Filter Include="Source Files\font">
      <UniqueIdentifier>{eccf5011-2987-45ec-bdc9-cf78f26e5ee8}</UniqueIdentifier>
    </Filter>
    <Filter Include="Source Files\model">
      <UniqueIdentifier>{b914293e-84d0-4207-9fcc-5ecc8da94c2a}</UniqueIdentifier>
    </Filter>
    <Filter Include="Source Files\image">
      <UniqueIdentifier>{93381c07-7d53-448e-81a6-2e96f1bb9b25}</UniqueIdentifier>
    </Filter>
    <Filter Include="Source Files\system">
      <UniqueIdentifier>{88c22324-f6bf-421a-b00c-3fb655cf3cbc}</UniqueIdentifier>
    </Filter>
    <Filter Include="Source Files\vulkan">
      <UniqueIdentifier>{e9489a5f-472f-49ab-9d20-08a3bd05daa2}</UniqueIdentifier>
    </Filter>
    <Filter Include="Source Files\utils">
      <UniqueIdentifier>{6f0deacc-98ba-4606-8c1a-46fdbb859a12}</UniqueIdentifier>
    </Filter>
    <Filter Include="Header Files\utils">
      <UniqueIdentifier>{5dae7961-ad06-42ae-b7bb-61b2a0a167bd}</UniqueIdentifier>
    </Filter>
    <Filter Include="Source Files\lights">
      <UniqueIdentifier>{cdffb61b-69f2-4b32-b2eb-5885f31cf64f}</UniqueIdentifier>
    </Filter>
    <Filter Include="Header Files\lights">
      <UniqueIdentifier>{b0d9988b-18d0-49bf-9714-0f81f8de27fa}</UniqueIdentifier>
    </Filter>
    <Filter Include="Header Files\camera">
      <UniqueIdentifier>{fd66522e-6afb-4e25-8589-38fa9a318e95}</UniqueIdentifier>
    </Filter>
    <Filter Include="Source Files\camera">
      <UniqueIdentifier>{3c6294bb-196d-4d97-a5e5-63e2e9019398}</UniqueIdentifier>
    </Filter>
    <Filter Include="Source Files\particle">
      <UniqueIdentifier>{237e06da-cd03-467a-8255-1071fa686f32}</UniqueIdentifier>
    </Filter>
    <Filter Include="Resource Files\particle">
      <UniqueIdentifier>{9255b643-7629-435f-9497-137b09de4498}</UniqueIdentifier>
    </Filter>
  </ItemGroup>
  <ItemGroup>
    <ClCompile Include="engine.c">
      <Filter>Source Files</Filter>
    </ClCompile>
    <ClCompile Include="math\math.c">
      <Filter>Source Files\math</Filter>
    </ClCompile>
    <ClCompile Include="font\font.c">
      <Filter>Source Files\font</Filter>
    </ClCompile>
    <ClCompile Include="image\image.c">
      <Filter>Source Files\image</Filter>
    </ClCompile>
    <ClCompile Include="image\qoi.c">
      <Filter>Source Files\image</Filter>
    </ClCompile>
    <ClCompile Include="image\tga.c">
      <Filter>Source Files\image</Filter>
    </ClCompile>
    <ClCompile Include="vulkan\vulkan_buffer.c">
      <Filter>Source Files\vulkan</Filter>
    </ClCompile>
    <ClCompile Include="utils\genid.c">
      <Filter>Source Files\utils</Filter>
    </ClCompile>
    <ClCompile Include="utils\list.c">
      <Filter>Source Files\utils</Filter>
    </ClCompile>
    <ClCompile Include="system\win32.c">
      <Filter>Source Files\system</Filter>
    </ClCompile>
    <ClCompile Include="camera\camera.c">
      <Filter>Source Files\camera</Filter>
    </ClCompile>
    <ClCompile Include="utils\memzone.c">
      <Filter>Source Files\utils</Filter>
    </ClCompile>
    <ClCompile Include="vulkan\vulkan_mem.c">
      <Filter>Source Files\vulkan</Filter>
    </ClCompile>
    <ClCompile Include="vulkan\vulkan_context.c">
      <Filter>Source Files\vulkan</Filter>
    </ClCompile>
    <ClCompile Include="vulkan\vulkan_instance.c">
      <Filter>Source Files\vulkan</Filter>
    </ClCompile>
    <ClCompile Include="vulkan\vulkan_descriptorset.c">
      <Filter>Source Files\vulkan</Filter>
    </ClCompile>
    <ClCompile Include="vulkan\vulkan_pipeline.c">
      <Filter>Source Files\vulkan</Filter>
    </ClCompile>
    <ClCompile Include="model\skybox.c">
      <Filter>Source Files\model</Filter>
    </ClCompile>
    <ClCompile Include="model\bmodel.c">
      <Filter>Source Files\model</Filter>
    </ClCompile>
    <ClCompile Include="utils\event.c">
      <Filter>Source Files\utils</Filter>
    </ClCompile>
    <ClCompile Include="particle\particle.c">
      <Filter>Source Files\particle</Filter>
    </ClCompile>
  </ItemGroup>
  <ItemGroup>
    <ClInclude Include="math\math.h">
      <Filter>Header Files\math</Filter>
    </ClInclude>
    <ClInclude Include="font\font.h">
      <Filter>Header Files\font</Filter>
    </ClInclude>
    <ClInclude Include="image\image.h">
      <Filter>Header Files\image</Filter>
    </ClInclude>
    <ClInclude Include="system\system.h">
      <Filter>Header Files\system</Filter>
    </ClInclude>
    <ClInclude Include="vulkan\vulkan.h">
      <Filter>Header Files\vulkan</Filter>
    </ClInclude>
    <ClInclude Include="utils\genid.h">
      <Filter>Header Files\utils</Filter>
    </ClInclude>
    <ClInclude Include="utils\list.h">
      <Filter>Header Files\utils</Filter>
    </ClInclude>
    <ClInclude Include="lights\lights.h">
      <Filter>Header Files\lights</Filter>
    </ClInclude>
    <ClInclude Include="camera\camera.h">
      <Filter>Header Files\camera</Filter>
    </ClInclude>
    <ClInclude Include="utils\memzone.h">
      <Filter>Header Files\utils</Filter>
    </ClInclude>
    <ClInclude Include="model\skybox.h">
      <Filter>Header Files\model</Filter>
    </ClInclude>
    <ClInclude Include="model\bmodel.h">
      <Filter>Header Files\model</Filter>
    </ClInclude>
    <ClInclude Include="utils\event.h">
      <Filter>Header Files\utils</Filter>
    </ClInclude>
    <ClInclude Include="particle\particle.h">
      <Filter>Resource Files\particle</Filter>
    </ClInclude>
  </ItemGroup>
  <ItemGroup>
    <GLSL Include="shaders\font.frag">
      <Filter>Shaders</Filter>
    </GLSL>
    <GLSL Include="shaders\lighting.frag">
      <Filter>Shaders</Filter>
    </GLSL>
    <GLSL Include="shaders\font.vert">
      <Filter>Shaders</Filter>
    </GLSL>
    <GLSL Include="shaders\lighting.vert">
      <Filter>Shaders</Filter>
    </GLSL>
    <GLSL Include="shaders\skybox.frag">
      <Filter>Shaders</Filter>
    </GLSL>
    <GLSL Include="shaders\skybox.vert">
      <Filter>Shaders</Filter>
    </GLSL>
    <GLSL Include="shaders\line.frag">
      <Filter>Shaders</Filter>
    </GLSL>
    <GLSL Include="shaders\line.vert">
      <Filter>Shaders</Filter>
    </GLSL>
    <GLSL Include="shaders\particle.frag">
      <Filter>Shaders</Filter>
    </GLSL>
    <GLSL Include="shaders\particle.geom">
      <Filter>Shaders</Filter>
    </GLSL>
    <GLSL Include="shaders\particle.vert">
      <Filter>Shaders</Filter>
    </GLSL>
    <GLSL Include="shaders\shadow.vert">
      <Filter>Shaders</Filter>
    </GLSL>
  </ItemGroup>
</Project>